
Microsoft Visual Studio Solution File, Format Version 12.00
# Visual Studio 2012
Project("{FAE04EC0-301F-11D3-BF4B-00C04F79EFBC}") = "Transpo.Core", "Transpo.Core\Transpo.Core.csproj", "{4F80239D-54CF-4EC8-B19C-427C51493C78}"
EndProject
Project("{FAE04EC0-301F-11D3-BF4B-00C04F79EFBC}") = "Transpo.Infrastructure.Data", "Transpo.Infrastructure\Transpo.Infrastructure.Data.csproj", "{D07301C9-67D5-487C-B24D-C81D2C4F5E17}"
EndProject
Project("{FAE04EC0-301F-11D3-BF4B-00C04F79EFBC}") = "Transpo.AppServices", "Transpo.AppServices\Transpo.AppServices.csproj", "{9FB3CFB3-593D-4F67-8399-99BD3F9505AA}"
EndProject
Project("{2150E333-8FDC-42A3-9474-1A3956D46DE8}") = "Applications", "Applications", "{74F4797F-B543-46F1-81FF-0EC4DA9690FC}"
EndProject
Project("{FAE04EC0-301F-11D3-BF4B-00C04F79EFBC}") = "Transpo.WebApp", "Transpo.WebApp\Transpo.WebApp.csproj", "{1A405FDE-BDF6-484A-8DB0-0E25388C25AF}"
EndProject
Project("{FAE04EC0-301F-11D3-BF4B-00C04F79EFBC}") = "BusinessLogic", "BusinessLogic\BusinessLogic.csproj", "{3F5FD2EB-009E-46E0-8A19-40037EB95B30}"
EndProject
Global
	GlobalSection(SolutionConfigurationPlatforms) = preSolution
		Debug|Any CPU = Debug|Any CPU
		Release|Any CPU = Release|Any CPU
	EndGlobalSection
	GlobalSection(ProjectConfigurationPlatforms) = postSolution
		{4F80239D-54CF-4EC8-B19C-427C51493C78}.Debug|Any CPU.ActiveCfg = Debug|Any CPU
		{4F80239D-54CF-4EC8-B19C-427C51493C78}.Debug|Any CPU.Build.0 = Debug|Any CPU
		{4F80239D-54CF-4EC8-B19C-427C51493C78}.Release|Any CPU.ActiveCfg = Release|Any CPU
		{4F80239D-54CF-4EC8-B19C-427C51493C78}.Release|Any CPU.Build.0 = Release|Any CPU
		{D07301C9-67D5-487C-B24D-C81D2C4F5E17}.Debug|Any CPU.ActiveCfg = Debug|Any CPU
		{D07301C9-67D5-487C-B24D-C81D2C4F5E17}.Debug|Any CPU.Build.0 = Debug|Any CPU
		{D07301C9-67D5-487C-B24D-C81D2C4F5E17}.Release|Any CPU.ActiveCfg = Release|Any CPU
		{D07301C9-67D5-487C-B24D-C81D2C4F5E17}.Release|Any CPU.Build.0 = Release|Any CPU
		{9FB3CFB3-593D-4F67-8399-99BD3F9505AA}.Debug|Any CPU.ActiveCfg = Debug|Any CPU
		{9FB3CFB3-593D-4F67-8399-99BD3F9505AA}.Debug|Any CPU.Build.0 = Debug|Any CPU
		{9FB3CFB3-593D-4F67-8399-99BD3F9505AA}.Release|Any CPU.ActiveCfg = Release|Any CPU
		{9FB3CFB3-593D-4F67-8399-99BD3F9505AA}.Release|Any CPU.Build.0 = Release|Any CPU
		{1A405FDE-BDF6-484A-8DB0-0E25388C25AF}.Debug|Any CPU.ActiveCfg = Debug|Any CPU
		{1A405FDE-BDF6-484A-8DB0-0E25388C25AF}.Debug|Any CPU.Build.0 = Debug|Any CPU
		{1A405FDE-BDF6-484A-8DB0-0E25388C25AF}.Release|Any CPU.ActiveCfg = Release|Any CPU
		{1A405FDE-BDF6-484A-8DB0-0E25388C25AF}.Release|Any CPU.Build.0 = Release|Any CPU
		{3F5FD2EB-009E-46E0-8A19-40037EB95B30}.Debug|Any CPU.ActiveCfg = Debug|Any CPU
		{3F5FD2EB-009E-46E0-8A19-40037EB95B30}.Debug|Any CPU.Build.0 = Debug|Any CPU
		{3F5FD2EB-009E-46E0-8A19-40037EB95B30}.Release|Any CPU.ActiveCfg = Release|Any CPU
		{3F5FD2EB-009E-46E0-8A19-40037EB95B30}.Release|Any CPU.Build.0 = Release|Any CPU
	EndGlobalSection
	GlobalSection(SolutionProperties) = preSolution
		HideSolutionNode = FALSE
	EndGlobalSection
	GlobalSection(NestedProjects) = preSolution
		{1A405FDE-BDF6-484A-8DB0-0E25388C25AF} = {74F4797F-B543-46F1-81FF-0EC4DA9690FC}
	EndGlobalSection
EndGlobal
